
Microsoft Visual Studio Solution File, Format Version 11.00
# Visual Studio 2010
Project("{FAE04EC0-301F-11D3-BF4B-00C04F79EFBC}") = "Mistral-Trail", "Assembly-CSharp.csproj", "{E0B21319-1014-6350-B5B9-B0BC38C13C74}"
EndProject
Global
	GlobalSection(SolutionConfigurationPlatforms) = preSolution
		Debug|Any CPU = Debug|Any CPU
		Release|Any CPU = Release|Any CPU
	EndGlobalSection
	GlobalSection(ProjectConfigurationPlatforms) = postSolution
		{E0B21319-1014-6350-B5B9-B0BC38C13C74}.Debug|Any CPU.ActiveCfg = Debug|Any CPU
		{E0B21319-1014-6350-B5B9-B0BC38C13C74}.Debug|Any CPU.Build.0 = Debug|Any CPU
		{E0B21319-1014-6350-B5B9-B0BC38C13C74}.Release|Any CPU.ActiveCfg = Release|Any CPU
		{E0B21319-1014-6350-B5B9-B0BC38C13C74}.Release|Any CPU.Build.0 = Release|Any CPU
	EndGlobalSection
	GlobalSection(SolutionProperties) = preSolution
		HideSolutionNode = FALSE
	EndGlobalSection
	GlobalSection(MonoDevelopProperties) = preSolution
		Policies = $0
		$0.TextStylePolicy = $1
		$1.inheritsSet = VisualStudio
		$1.inheritsScope = text/plain
		$1.scope = text/plain
		$0.TextStylePolicy = $2
		$2.inheritsSet = VisualStudio
		$2.inheritsScope = text/plain
		$2.scope = text/x-shader
		$0.TextStylePolicy = $3
		$3.TabsToSpaces = False
		$3.inheritsSet = VisualStudio
		$3.inheritsScope = text/plain
		$3.scope = text/x-csharp
		$0.CSharpFormattingPolicy = $4
		$4.IndentSwitchBody = True
		$4.IndentBlocksInsideExpressions = True
		$4.AnonymousMethodBraceStyle = NextLine
		$4.PropertyBraceStyle = NextLine
		$4.PropertyGetBraceStyle = NextLine
		$4.PropertySetBraceStyle = NextLine
		$4.EventBraceStyle = NextLine
		$4.EventAddBraceStyle = NextLine
		$4.EventRemoveBraceStyle = NextLine
		$4.StatementBraceStyle = NextLine
		$4.ElseNewLinePlacement = NewLine
		$4.CatchNewLinePlacement = NewLine
		$4.FinallyNewLinePlacement = NewLine
		$4.WhileNewLinePlacement = DoNotCare
		$4.ArrayInitializerWrapping = DoNotChange
		$4.ArrayInitializerBraceStyle = NextLine
		$4.BeforeMethodDeclarationParentheses = False
		$4.BeforeMethodCallParentheses = False
		$4.BeforeConstructorDeclarationParentheses = False
		$4.NewLineBeforeConstructorInitializerColon = NewLine
		$4.NewLineAfterConstructorInitializerColon = SameLine
		$4.BeforeDelegateDeclarationParentheses = False
		$4.NewParentheses = False
		$4.SpacesBeforeBrackets = False
		$4.inheritsSet = Mono
		$4.inheritsScope = text/x-csharp
		$4.scope = text/x-csharp
	EndGlobalSection
EndGlobal
